
Microsoft Visual Studio Solution File, Format Version 12.00
Project("{FAE04EC0-301F-11D3-BF4B-00C04F79EFBC}") = "Three-Bodies", "Three-Bodies\Three-Bodies.csproj", "{1639A51F-1EB9-4385-8FD4-A7DEB5E80D0E}"
EndProject
Project("{FAE04EC0-301F-11D3-BF4B-00C04F79EFBC}") = "Three-Explorer", "Three-Explorer\Three-Explorer.csproj", "{867E0110-9CA4-4533-BD6D-9D0DE02A8744}"
EndProject
Project("{FAE04EC0-301F-11D3-BF4B-00C04F79EFBC}") = "Three-Core", "Three-Core\Three-Core.csproj", "{0699A729-5555-40F6-87A1-FB53957414A3}"
EndProject
Global
	GlobalSection(SolutionConfigurationPlatforms) = preSolution
		Debug|Any CPU = Debug|Any CPU
		Release|Any CPU = Release|Any CPU
	EndGlobalSection
	GlobalSection(ProjectConfigurationPlatforms) = postSolution
		{1639A51F-1EB9-4385-8FD4-A7DEB5E80D0E}.Debug|Any CPU.ActiveCfg = Debug|Any CPU
		{1639A51F-1EB9-4385-8FD4-A7DEB5E80D0E}.Debug|Any CPU.Build.0 = Debug|Any CPU
		{1639A51F-1EB9-4385-8FD4-A7DEB5E80D0E}.Release|Any CPU.ActiveCfg = Release|Any CPU
		{1639A51F-1EB9-4385-8FD4-A7DEB5E80D0E}.Release|Any CPU.Build.0 = Release|Any CPU
		{867E0110-9CA4-4533-BD6D-9D0DE02A8744}.Debug|Any CPU.ActiveCfg = Debug|Any CPU
		{867E0110-9CA4-4533-BD6D-9D0DE02A8744}.Debug|Any CPU.Build.0 = Debug|Any CPU
		{867E0110-9CA4-4533-BD6D-9D0DE02A8744}.Release|Any CPU.ActiveCfg = Release|Any CPU
		{867E0110-9CA4-4533-BD6D-9D0DE02A8744}.Release|Any CPU.Build.0 = Release|Any CPU
		{0699A729-5555-40F6-87A1-FB53957414A3}.Debug|Any CPU.ActiveCfg = Debug|Any CPU
		{0699A729-5555-40F6-87A1-FB53957414A3}.Debug|Any CPU.Build.0 = Debug|Any CPU
		{0699A729-5555-40F6-87A1-FB53957414A3}.Release|Any CPU.ActiveCfg = Release|Any CPU
		{0699A729-5555-40F6-87A1-FB53957414A3}.Release|Any CPU.Build.0 = Release|Any CPU
	EndGlobalSection
EndGlobal
